
Microsoft Visual Studio Solution File, Format Version 12.00
# Visual Studio Version 16
VisualStudioVersion = 16.0.30621.155
MinimumVisualStudioVersion = 10.0.40219.1
Project("{FAE04EC0-301F-11D3-BF4B-00C04F79EFBC}") = "BuyerApp", "BuyerApp\BuyerApp.csproj", "{937CF46A-4749-4BDA-8809-45BDEB49EB12}"
EndProject
Global
	GlobalSection(SolutionConfigurationPlatforms) = preSolution
		Debug|Any CPU = Debug|Any CPU
		Release|Any CPU = Release|Any CPU
	EndGlobalSection
	GlobalSection(ProjectConfigurationPlatforms) = postSolution
		{937CF46A-4749-4BDA-8809-45BDEB49EB12}.Debug|Any CPU.ActiveCfg = Debug|Any CPU
		{937CF46A-4749-4BDA-8809-45BDEB49EB12}.Debug|Any CPU.Build.0 = Debug|Any CPU
		{937CF46A-4749-4BDA-8809-45BDEB49EB12}.Release|Any CPU.ActiveCfg = Release|Any CPU
		{937CF46A-4749-4BDA-8809-45BDEB49EB12}.Release|Any CPU.Build.0 = Release|Any CPU
	EndGlobalSection
	GlobalSection(SolutionProperties) = preSolution
		HideSolutionNode = FALSE
	EndGlobalSection
	GlobalSection(ExtensibilityGlobals) = postSolution
		SolutionGuid = {073FF156-B9E1-41F6-B93D-A3E4F3A5D00C}
	EndGlobalSection
EndGlobal
